// !$*UTF8*$!
{
	archiveVersion = 1;
	classes = {
	};
	objectVersion = 50;
	objects = {

/* Begin PBXBuildFile section */
		F66565A920A17C9600044504 /* AppDelegate.swift in Sources */ = {isa = PBXBuildFile; fileRef = F66565A820A17C9600044504 /* AppDelegate.swift */; };
		F66565AB20A17C9600044504 /* ViewController.swift in Sources */ = {isa = PBXBuildFile; fileRef = F66565AA20A17C9600044504 /* ViewController.swift */; };
		F66565AE20A17C9600044504 /* Main.storyboard in Resources */ = {isa = PBXBuildFile; fileRef = F66565AC20A17C9600044504 /* Main.storyboard */; };
		F66565B020A17C9700044504 /* Assets.xcassets in Resources */ = {isa = PBXBuildFile; fileRef = F66565AF20A17C9700044504 /* Assets.xcassets */; };
		F66565B320A17C9700044504 /* LaunchScreen.storyboard in Resources */ = {isa = PBXBuildFile; fileRef = F66565B120A17C9700044504 /* LaunchScreen.storyboard */; };
		F66565BE20A17C9700044504 /* MyTestTests.swift in Sources */ = {isa = PBXBuildFile; fileRef = F66565BD20A17C9700044504 /* MyTestTests.swift */; };
		F66565C920A17C9700044504 /* MyTestUITests.swift in Sources */ = {isa = PBXBuildFile; fileRef = F66565C820A17C9700044504 /* MyTestUITests.swift */; };
/* End PBXBuildFile section */

/* Begin PBXContainerItemProxy section */
		F66565BA20A17C9700044504 /* PBXContainerItemProxy */ = {
			isa = PBXContainerItemProxy;
			containerPortal = F665659D20A17C9600044504 /* Project object */;
			proxyType = 1;
			remoteGlobalIDString = F66565A420A17C9600044504;
			remoteInfo = MyTest;
		};
		F66565C520A17C9700044504 /* PBXContainerItemProxy */ = {
			isa = PBXContainerItemProxy;
			containerPortal = F665659D20A17C9600044504 /* Project object */;
			proxyType = 1;
			remoteGlobalIDString = F66565A420A17C9600044504;
			remoteInfo = MyTest;
		};
/* End PBXContainerItemProxy section */

/* Begin PBXFileReference section */
		F66565A520A17C9600044504 /* MyTest.app */ = {isa = PBXFileReference; explicitFileType = wrapper.application; includeInIndex = 0; path = MyTest.app; sourceTree = BUILT_PRODUCTS_DIR; };
		F66565A820A17C9600044504 /* AppDelegate.swift */ = {isa = PBXFileReference; lastKnownFileType = sourcecode.swift; path = AppDelegate.swift; sourceTree = "<group>"; };
		F66565AA20A17C9600044504 /* ViewController.swift */ = {isa = PBXFileReference; lastKnownFileType = sourcecode.swift; path = ViewController.swift; sourceTree = "<group>"; };
		F66565AD20A17C9600044504 /* Base */ = {isa = PBXFileReference; lastKnownFileType = file.storyboard; name = Base; path = Base.lproj/Main.storyboard; sourceTree = "<group>"; };
		F66565AF20A17C9700044504 /* Assets.xcassets */ = {isa = PBXFileReference; lastKnownFileType = folder.assetcatalog; path = Assets.xcassets; sourceTree = "<group>"; };
		F66565B220A17C9700044504 /* Base */ = {isa = PBXFileReference; lastKnownFileType = file.storyboard; name = Base; path = Base.lproj/LaunchScreen.storyboard; sourceTree = "<group>"; };
		F66565B420A17C9700044504 /* Info.plist */ = {isa = PBXFileReference; lastKnownFileType = text.plist.xml; path = Info.plist; sourceTree = "<group>"; };
		F66565B920A17C9700044504 /* MyTestTests.xctest */ = {isa = PBXFileReference; explicitFileType = wrapper.cfbundle; includeInIndex = 0; path = MyTestTests.xctest; sourceTree = BUILT_PRODUCTS_DIR; };
		F66565BD20A17C9700044504 /* MyTestTests.swift */ = {isa = PBXFileReference; lastKnownFileType = sourcecode.swift; path = MyTestTests.swift; sourceTree = "<group>"; };
		F66565BF20A17C9700044504 /* Info.plist */ = {isa = PBXFileReference; lastKnownFileType = text.plist.xml; path = Info.plist; sourceTree = "<group>"; };
		F66565C420A17C9700044504 /* MyTestUITests.xctest */ = {isa = PBXFileReference; explicitFileType = wrapper.cfbundle; includeInIndex = 0; path = MyTestUITests.xctest; sourceTree = BUILT_PRODUCTS_DIR; };
		F66565C820A17C9700044504 /* MyTestUITests.swift */ = {isa = PBXFileReference; lastKnownFileType = sourcecode.swift; path = MyTestUITests.swift; sourceTree = "<group>"; };
		F66565CA20A17C9700044504 /* Info.plist */ = {isa = PBXFileReference; lastKnownFileType = text.plist.xml; path = Info.plist; sourceTree = "<group>"; };
/* End PBXFileReference section */

/* Begin PBXFrameworksBuildPhase section */
		F66565A220A17C9600044504 /* Frameworks */ = {
			isa = PBXFrameworksBuildPhase;
			buildActionMask = 2147483647;
			files = (
			);
			runOnlyForDeploymentPostprocessing = 0;
		};
		F66565B620A17C9700044504 /* Frameworks */ = {
			isa = PBXFrameworksBuildPhase;
			buildActionMask = 2147483647;
			files = (
			);
			runOnlyForDeploymentPostprocessing = 0;
		};
		F66565C120A17C9700044504 /* Frameworks */ = {
			isa = PBXFrameworksBuildPhase;
			buildActionMask = 2147483647;
			files = (
			);
			runOnlyForDeploymentPostprocessing = 0;
		};
/* End PBXFrameworksBuildPhase section */

/* Begin PBXGroup section */
		F665659C20A17C9600044504 = {
			isa = PBXGroup;
			children = (
				F66565A720A17C9600044504 /* MyTest */,
				F66565BC20A17C9700044504 /* MyTestTests */,
				F66565C720A17C9700044504 /* MyTestUITests */,
				F66565A620A17C9600044504 /* Products */,
			);
			sourceTree = "<group>";
		};
		F66565A620A17C9600044504 /* Products */ = {
			isa = PBXGroup;
			children = (
				F66565A520A17C9600044504 /* MyTest.app */,
				F66565B920A17C9700044504 /* MyTestTests.xctest */,
				F66565C420A17C9700044504 /* MyTestUITests.xctest */,
			);
			name = Products;
			sourceTree = "<group>";
		};
		F66565A720A17C9600044504 /* MyTest */ = {
			isa = PBXGroup;
			children = (
				F66565A820A17C9600044504 /* AppDelegate.swift */,
				F66565AA20A17C9600044504 /* ViewController.swift */,
				F66565AC20A17C9600044504 /* Main.storyboard */,
				F66565AF20A17C9700044504 /* Assets.xcassets */,
				F66565B120A17C9700044504 /* LaunchScreen.storyboard */,
				F66565B420A17C9700044504 /* Info.plist */,
			);
			path = MyTest;
			sourceTree = "<group>";
		};
		F66565BC20A17C9700044504 /* MyTestTests */ = {
			isa = PBXGroup;
			children = (
				F66565BD20A17C9700044504 /* MyTestTests.swift */,
				F66565BF20A17C9700044504 /* Info.plist */,
			);
			path = MyTestTests;
			sourceTree = "<group>";
		};
		F66565C720A17C9700044504 /* MyTestUITests */ = {
			isa = PBXGroup;
			children = (
				F66565C820A17C9700044504 /* MyTestUITests.swift */,
				F66565CA20A17C9700044504 /* Info.plist */,
			);
			path = MyTestUITests;
			sourceTree = "<group>";
		};
/* End PBXGroup section */

/* Begin PBXNativeTarget section */
		F66565A420A17C9600044504 /* MyTest */ = {
			isa = PBXNativeTarget;
			buildConfigurationList = F66565CD20A17C9700044504 /* Build configuration list for PBXNativeTarget "MyTest" */;
			buildPhases = (
				F66565A120A17C9600044504 /* Sources */,
				F66565A220A17C9600044504 /* Frameworks */,
				F66565A320A17C9600044504 /* Resources */,
			);
			buildRules = (
			);
			dependencies = (
			);
			name = MyTest;
			productName = MyTest;
			productReference = F66565A520A17C9600044504 /* MyTest.app */;
			productType = "com.apple.product-type.application";
		};
		F66565B820A17C9700044504 /* MyTestTests */ = {
			isa = PBXNativeTarget;
			buildConfigurationList = F66565D020A17C9700044504 /* Build configuration list for PBXNativeTarget "MyTestTests" */;
			buildPhases = (
				F66565B520A17C9700044504 /* Sources */,
				F66565B620A17C9700044504 /* Frameworks */,
				F66565B720A17C9700044504 /* Resources */,
			);
			buildRules = (
			);
			dependencies = (
				F66565BB20A17C9700044504 /* PBXTargetDependency */,
			);
			name = MyTestTests;
			productName = MyTestTests;
			productReference = F66565B920A17C9700044504 /* MyTestTests.xctest */;
			productType = "com.apple.product-type.bundle.unit-test";
		};
		F66565C320A17C9700044504 /* MyTestUITests */ = {
			isa = PBXNativeTarget;
			buildConfigurationList = F66565D320A17C9700044504 /* Build configuration list for PBXNativeTarget "MyTestUITests" */;
			buildPhases = (
				F66565C020A17C9700044504 /* Sources */,
				F66565C120A17C9700044504 /* Frameworks */,
				F66565C220A17C9700044504 /* Resources */,
			);
			buildRules = (
			);
			dependencies = (
				F66565C620A17C9700044504 /* PBXTargetDependency */,
			);
			name = MyTestUITests;
			productName = MyTestUITests;
			productReference = F66565C420A17C9700044504 /* MyTestUITests.xctest */;
			productType = "com.apple.product-type.bundle.ui-testing";
		};
/* End PBXNativeTarget section */

/* Begin PBXProject section */
		F665659D20A17C9600044504 /* Project object */ = {
			isa = PBXProject;
			attributes = {
				LastSwiftUpdateCheck = 0930;
				LastUpgradeCheck = 0930;
				ORGANIZATIONNAME = "useya-mac2";
				TargetAttributes = {
					F66565A420A17C9600044504 = {
						CreatedOnToolsVersion = 9.3;
					};
					F66565B820A17C9700044504 = {
						CreatedOnToolsVersion = 9.3;
						TestTargetID = F66565A420A17C9600044504;
					};
					F66565C320A17C9700044504 = {
						CreatedOnToolsVersion = 9.3;
						TestTargetID = F66565A420A17C9600044504;
					};
				};
			};
			buildConfigurationList = F66565A020A17C9600044504 /* Build configuration list for PBXProject "MyTest" */;
			compatibilityVersion = "Xcode 9.3";
			developmentRegion = en;
			hasScannedForEncodings = 0;
			knownRegions = (
				en,
				Base,
			);
			mainGroup = F665659C20A17C9600044504;
			productRefGroup = F66565A620A17C9600044504 /* Products */;
			projectDirPath = "";
			projectRoot = "";
			targets = (
				F66565A420A17C9600044504 /* MyTest */,
				F66565B820A17C9700044504 /* MyTestTests */,
				F66565C320A17C9700044504 /* MyTestUITests */,
			);
		};
/* End PBXProject section */

/* Begin PBXResourcesBuildPhase section */
		F66565A320A17C9600044504 /* Resources */ = {
			isa = PBXResourcesBuildPhase;
			buildActionMask = 2147483647;
			files = (
				F66565B320A17C9700044504 /* LaunchScreen.storyboard in Resources */,
				F66565B020A17C9700044504 /* Assets.xcassets in Resources */,
				F66565AE20A17C9600044504 /* Main.storyboard in Resources */,
			);
			runOnlyForDeploymentPostprocessing = 0;
		};
		F66565B720A17C9700044504 /* Resources */ = {
			isa = PBXResourcesBuildPhase;
			buildActionMask = 2147483647;
			files = (
			);
			runOnlyForDeploymentPostprocessing = 0;
		};
		F66565C220A17C9700044504 /* Resources */ = {
			isa = PBXResourcesBuildPhase;
			buildActionMask = 2147483647;
			files = (
			);
			runOnlyForDeploymentPostprocessing = 0;
		};
/* End PBXResourcesBuildPhase section */

/* Begin PBXSourcesBuildPhase section */
		F66565A120A17C9600044504 /* Sources */ = {
			isa = PBXSourcesBuildPhase;
			buildActionMask = 2147483647;
			files = (
				F66565AB20A17C9600044504 /* ViewController.swift in Sources */,
				F66565A920A17C9600044504 /* AppDelegate.swift in Sources */,
			);
			runOnlyForDeploymentPostprocessing = 0;
		};
		F66565B520A17C9700044504 /* Sources */ = {
			isa = PBXSourcesBuildPhase;
			buildActionMask = 2147483647;
			files = (
				F66565BE20A17C9700044504 /* MyTestTests.swift in Sources */,
			);
			runOnlyForDeploymentPostprocessing = 0;
		};
		F66565C020A17C9700044504 /* Sources */ = {
			isa = PBXSourcesBuildPhase;
			buildActionMask = 2147483647;
			files = (
				F66565C920A17C9700044504 /* MyTestUITests.swift in Sources */,
			);
			runOnlyForDeploymentPostprocessing = 0;
		};
/* End PBXSourcesBuildPhase section */

/* Begin PBXTargetDependency section */
		F66565BB20A17C9700044504 /* PBXTargetDependency */ = {
			isa = PBXTargetDependency;
			target = F66565A420A17C9600044504 /* MyTest */;
			targetProxy = F66565BA20A17C9700044504 /* PBXContainerItemProxy */;
		};
		F66565C620A17C9700044504 /* PBXTargetDependency */ = {
			isa = PBXTargetDependency;
			target = F66565A420A17C9600044504 /* MyTest */;
			targetProxy = F66565C520A17C9700044504 /* PBXContainerItemProxy */;
		};
/* End PBXTargetDependency section */

/* Begin PBXVariantGroup section */
		F66565AC20A17C9600044504 /* Main.storyboard */ = {
			isa = PBXVariantGroup;
			children = (
				F66565AD20A17C9600044504 /* Base */,
			);
			name = Main.storyboard;
			sourceTree = "<group>";
		};
		F66565B120A17C9700044504 /* LaunchScreen.storyboard */ = {
			isa = PBXVariantGroup;
			children = (
				F66565B220A17C9700044504 /* Base */,
			);
			name = LaunchScreen.storyboard;
			sourceTree = "<group>";
		};
/* End PBXVariantGroup section */

/* Begin XCBuildConfiguration section */
		F66565CB20A17C9700044504 /* Debug */ = {
			isa = XCBuildConfiguration;
			buildSettings = {
				ALWAYS_SEARCH_USER_PATHS = NO;
				CLANG_ANALYZER_NONNULL = YES;
				CLANG_ANALYZER_NUMBER_OBJECT_CONVERSION = YES_AGGRESSIVE;
				CLANG_CXX_LANGUAGE_STANDARD = "gnu++14";
				CLANG_CXX_LIBRARY = "libc++";
				CLANG_ENABLE_MODULES = YES;
				CLANG_ENABLE_OBJC_ARC = YES;
				CLANG_ENABLE_OBJC_WEAK = YES;
				CLANG_WARN_BLOCK_CAPTURE_AUTORELEASING = YES;
				CLANG_WARN_BOOL_CONVERSION = YES;
				CLANG_WARN_COMMA = YES;
				CLANG_WARN_CONSTANT_CONVERSION = YES;
				CLANG_WARN_DEPRECATED_OBJC_IMPLEMENTATIONS = YES;
				CLANG_WARN_DIRECT_OBJC_ISA_USAGE = YES_ERROR;
				CLANG_WARN_DOCUMENTATION_COMMENTS = YES;
				CLANG_WARN_EMPTY_BODY = YES;
				CLANG_WARN_ENUM_CONVERSION = YES;
				CLANG_WARN_INFINITE_RECURSION = YES;
				CLANG_WARN_INT_CONVERSION = YES;
				CLANG_WARN_NON_LITERAL_NULL_CONVERSION = YES;
				CLANG_WARN_OBJC_IMPLICIT_RETAIN_SELF = YES;
				CLANG_WARN_OBJC_LITERAL_CONVERSION = YES;
				CLANG_WARN_OBJC_ROOT_CLASS = YES_ERROR;
				CLANG_WARN_RANGE_LOOP_ANALYSIS = YES;
				CLANG_WARN_STRICT_PROTOTYPES = YES;
				CLANG_WARN_SUSPICIOUS_MOVE = YES;
				CLANG_WARN_UNGUARDED_AVAILABILITY = YES_AGGRESSIVE;
				CLANG_WARN_UNREACHABLE_CODE = YES;
				CLANG_WARN__DUPLICATE_METHOD_MATCH = YES;
				CODE_SIGN_IDENTITY = "iPhone Developer";
				COPY_PHASE_STRIP = NO;
				DEBUG_INFORMATION_FORMAT = dwarf;
				ENABLE_STRICT_OBJC_MSGSEND = YES;
				ENABLE_TESTABILITY = YES;
				GCC_C_LANGUAGE_STANDARD = gnu11;
				GCC_DYNAMIC_NO_PIC = NO;
				GCC_NO_COMMON_BLOCKS = YES;
				GCC_OPTIMIZATION_LEVEL = 0;
				GCC_PREPROCESSOR_DEFINITIONS = (
					"DEBUG=1",
					"$(inherited)",
				);
				GCC_WARN_64_TO_32_BIT_CONVERSION = YES;
				GCC_WARN_ABOUT_RETURN_TYPE = YES_ERROR;
				GCC_WARN_UNDECLARED_SELECTOR = YES;
				GCC_WARN_UNINITIALIZED_AUTOS = YES_AGGRESSIVE;
				GCC_WARN_UNUSED_FUNCTION = YES;
				GCC_WARN_UNUSED_VARIABLE = YES;
				IPHONEOS_DEPLOYMENT_TARGET = 11.3;
				MTL_ENABLE_DEBUG_INFO = YES;
				ONLY_ACTIVE_ARCH = YES;
				SDKROOT = iphoneos;
				SWIFT_ACTIVE_COMPILATION_CONDITIONS = DEBUG;
				SWIFT_OPTIMIZATION_LEVEL = "-Onone";
			};
			name = Debug;
		};
		F66565CC20A17C9700044504 /* Release */ = {
			isa = XCBuildConfiguration;
			buildSettings = {
				ALWAYS_SEARCH_USER_PATHS = NO;
				CLANG_ANALYZER_NONNULL = YES;
				CLANG_ANALYZER_NUMBER_OBJECT_CONVERSION = YES_AGGRESSIVE;
				CLANG_CXX_LANGUAGE_STANDARD = "gnu++14";
				CLANG_CXX_LIBRARY = "libc++";
				CLANG_ENABLE_MODULES = YES;
				CLANG_ENABLE_OBJC_ARC = YES;
				CLANG_ENABLE_OBJC_WEAK = YES;
				CLANG_WARN_BLOCK_CAPTURE_AUTORELEASING = YES;
				CLANG_WARN_BOOL_CONVERSION = YES;
				CLANG_WARN_COMMA = YES;
				CLANG_WARN_CONSTANT_CONVERSION = YES;
				CLANG_WARN_DEPRECATED_OBJC_IMPLEMENTATIONS = YES;
				CLANG_WARN_DIRECT_OBJC_ISA_USAGE = YES_ERROR;
				CLANG_WARN_DOCUMENTATION_COMMENTS = YES;
				CLANG_WARN_EMPTY_BODY = YES;
				CLANG_WARN_ENUM_CONVERSION = YES;
				CLANG_WARN_INFINITE_RECURSION = YES;
				CLANG_WARN_INT_CONVERSION = YES;
				CLANG_WARN_NON_LITERAL_NULL_CONVERSION = YES;
				CLANG_WARN_OBJC_IMPLICIT_RETAIN_SELF = YES;
				CLANG_WARN_OBJC_LITERAL_CONVERSION = YES;
				CLANG_WARN_OBJC_ROOT_CLASS = YES_ERROR;
				CLANG_WARN_RANGE_LOOP_ANALYSIS = YES;
				CLANG_WARN_STRICT_PROTOTYPES = YES;
				CLANG_WARN_SUSPICIOUS_MOVE = YES;
				CLANG_WARN_UNGUARDED_AVAILABILITY = YES_AGGRESSIVE;
				CLANG_WARN_UNREACHABLE_CODE = YES;
				CLANG_WARN__DUPLICATE_METHOD_MATCH = YES;
				CODE_SIGN_IDENTITY = "iPhone Developer";
				COPY_PHASE_STRIP = NO;
				DEBUG_INFORMATION_FORMAT = "dwarf-with-dsym";
				ENABLE_NS_ASSERTIONS = NO;
				ENABLE_STRICT_OBJC_MSGSEND = YES;
				GCC_C_LANGUAGE_STANDARD = gnu11;
				GCC_NO_COMMON_BLOCKS = YES;
				GCC_WARN_64_TO_32_BIT_CONVERSION = YES;
				GCC_WARN_ABOUT_RETURN_TYPE = YES_ERROR;
				GCC_WARN_UNDECLARED_SELECTOR = YES;
				GCC_WARN_UNINITIALIZED_AUTOS = YES_AGGRESSIVE;
				GCC_WARN_UNUSED_FUNCTION = YES;
				GCC_WARN_UNUSED_VARIABLE = YES;
				IPHONEOS_DEPLOYMENT_TARGET = 11.3;
				MTL_ENABLE_DEBUG_INFO = NO;
				SDKROOT = iphoneos;
				SWIFT_COMPILATION_MODE = wholemodule;
				SWIFT_OPTIMIZATION_LEVEL = "-O";
				VALIDATE_PRODUCT = YES;
			};
			name = Release;
		};
		F66565CE20A17C9700044504 /* Debug */ = {
			isa = XCBuildConfiguration;
			buildSettings = {
				ASSETCATALOG_COMPILER_APPICON_NAME = AppIcon;
				CODE_SIGN_STYLE = Automatic;
				INFOPLIST_FILE = MyTest/Info.plist;
				LD_RUNPATH_SEARCH_PATHS = (
					"$(inherited)",
					"@executable_path/Frameworks",
				);
				PRODUCT_BUNDLE_IDENTIFIER = test.MyTest;
				PRODUCT_NAME = "$(TARGET_NAME)";
				SWIFT_VERSION = 4.0;
				TARGETED_DEVICE_FAMILY = "1,2";
			};
			name = Debug;
		};
		F66565CF20A17C9700044504 /* Release */ = {
			isa = XCBuildConfiguration;
			buildSettings = {
				ASSETCATALOG_COMPILER_APPICON_NAME = AppIcon;
				CODE_SIGN_STYLE = Automatic;
				INFOPLIST_FILE = MyTest/Info.plist;
				LD_RUNPATH_SEARCH_PATHS = (
					"$(inherited)",
					"@executable_path/Frameworks",
				);
				PRODUCT_BUNDLE_IDENTIFIER = test.MyTest;
				PRODUCT_NAME = "$(TARGET_NAME)";
				SWIFT_VERSION = 4.0;
				TARGETED_DEVICE_FAMILY = "1,2";
			};
			name = Release;
		};
		F66565D120A17C9700044504 /* Debug */ = {
			isa = XCBuildConfiguration;
			buildSettings = {
				ALWAYS_EMBED_SWIFT_STANDARD_LIBRARIES = YES;
				BUNDLE_LOADER = "$(TEST_HOST)";
				CODE_SIGN_STYLE = Automatic;
				INFOPLIST_FILE = MyTestTests/Info.plist;
				LD_RUNPATH_SEARCH_PATHS = (
					"$(inherited)",
					"@executable_path/Frameworks",
					"@loader_path/Frameworks",
				);
				PRODUCT_BUNDLE_IDENTIFIER = test.MyTestTests;
				PRODUCT_NAME = "$(TARGET_NAME)";
				SWIFT_VERSION = 4.0;
				TARGETED_DEVICE_FAMILY = "1,2";
				TEST_HOST = "$(BUILT_PRODUCTS_DIR)/MyTest.app/MyTest";
			};
			name = Debug;
		};
		F66565D220A17C9700044504 /* Release */ = {
			isa = XCBuildConfiguration;
			buildSettings = {
				ALWAYS_EMBED_SWIFT_STANDARD_LIBRARIES = YES;
				BUNDLE_LOADER = "$(TEST_HOST)";
				CODE_SIGN_STYLE = Automatic;
				INFOPLIST_FILE = MyTestTests/Info.plist;
				LD_RUNPATH_SEARCH_PATHS = (
					"$(inherited)",
					"@executable_path/Frameworks",
					"@loader_path/Frameworks",
				);
				PRODUCT_BUNDLE_IDENTIFIER = test.MyTestTests;
				PRODUCT_NAME = "$(TARGET_NAME)";
				SWIFT_VERSION = 4.0;
				TARGETED_DEVICE_FAMILY = "1,2";
				TEST_HOST = "$(BUILT_PRODUCTS_DIR)/MyTest.app/MyTest";
			};
			name = Release;
		};
		F66565D420A17C9700044504 /* Debug */ = {
			isa = XCBuildConfiguration;
			buildSettings = {
				ALWAYS_EMBED_SWIFT_STANDARD_LIBRARIES = YES;
				CODE_SIGN_STYLE = Automatic;
				INFOPLIST_FILE = MyTestUITests/Info.plist;
				LD_RUNPATH_SEARCH_PATHS = (
					"$(inherited)",
					"@executable_path/Frameworks",
					"@loader_path/Frameworks",
				);
				PRODUCT_BUNDLE_IDENTIFIER = test.MyTestUITests;
				PRODUCT_NAME = "$(TARGET_NAME)";
				SWIFT_VERSION = 4.0;
				TARGETED_DEVICE_FAMILY = "1,2";
				TEST_TARGET_NAME = MyTest;
			};
			name = Debug;
		};
		F66565D520A17C9700044504 /* Release */ = {
			isa = XCBuildConfiguration;
			buildSettings = {
				ALWAYS_EMBED_SWIFT_STANDARD_LIBRARIES = YES;
				CODE_SIGN_STYLE = Automatic;
				INFOPLIST_FILE = MyTestUITests/Info.plist;
				LD_RUNPATH_SEARCH_PATHS = (
					"$(inherited)",
					"@executable_path/Frameworks",
					"@loader_path/Frameworks",
				);
				PRODUCT_BUNDLE_IDENTIFIER = test.MyTestUITests;
				PRODUCT_NAME = "$(TARGET_NAME)";
				SWIFT_VERSION = 4.0;
				TARGETED_DEVICE_FAMILY = "1,2";
				TEST_TARGET_NAME = MyTest;
			};
			name = Release;
		};
/* End XCBuildConfiguration section */

/* Begin XCConfigurationList section */
		F66565A020A17C9600044504 /* Build configuration list for PBXProject "MyTest" */ = {
			isa = XCConfigurationList;
			buildConfigurations = (
				F66565CB20A17C9700044504 /* Debug */,
				F66565CC20A17C9700044504 /* Release */,
			);
			defaultConfigurationIsVisible = 0;
			defaultConfigurationName = Release;
		};
		F66565CD20A17C9700044504 /* Build configuration list for PBXNativeTarget "MyTest" */ = {
			isa = XCConfigurationList;
			buildConfigurations = (
				F66565CE20A17C9700044504 /* Debug */,
				F66565CF20A17C9700044504 /* Release */,
			);
			defaultConfigurationIsVisible = 0;
			defaultConfigurationName = Release;
		};
		F66565D020A17C9700044504 /* Build configuration list for PBXNativeTarget "MyTestTests" */ = {
			isa = XCConfigurationList;
			buildConfigurations = (
				F66565D120A17C9700044504 /* Debug */,
				F66565D220A17C9700044504 /* Release */,
			);
			defaultConfigurationIsVisible = 0;
			defaultConfigurationName = Release;
		};
		F66565D320A17C9700044504 /* Build configuration list for PBXNativeTarget "MyTestUITests" */ = {
			isa = XCConfigurationList;
			buildConfigurations = (
				F66565D420A17C9700044504 /* Debug */,
				F66565D520A17C9700044504 /* Release */,
			);
			defaultConfigurationIsVisible = 0;
			defaultConfigurationName = Release;
		};
/* End XCConfigurationList section */
	};
	rootObject = F665659D20A17C9600044504 /* Project object */;
}
